// !$*UTF8*$!
{
	archiveVersion = 1;
	classes = {
	};
	objectVersion = 46;
	objects = {

/* Begin PBXBuildFile section */
		69B067841D4BCF3F0023FCFB /* Logo.png in Resources */ = {isa = PBXBuildFile; fileRef = 69B067821D4BCF3F0023FCFB /* Logo.png */; };
		69B067851D4BCF3F0023FCFB /* StartScanButton.png in Resources */ = {isa = PBXBuildFile; fileRef = 69B067831D4BCF3F0023FCFB /* StartScanButton.png */; };
		69B067871D4BE4B90023FCFB /* SelectScanTypeViewController.swift in Sources */ = {isa = PBXBuildFile; fileRef = 69B067861D4BE4B90023FCFB /* SelectScanTypeViewController.swift */; };
		69B067891D4BE94B0023FCFB /* BuyFilterPageViewController.swift in Sources */ = {isa = PBXBuildFile; fileRef = 69B067881D4BE94B0023FCFB /* BuyFilterPageViewController.swift */; };
		69CA45081D52690B0095402A /* PreviousScanViewController.swift in Sources */ = {isa = PBXBuildFile; fileRef = 69CA45071D52690B0095402A /* PreviousScanViewController.swift */; };
		932447BB1D499D38003C0F54 /* AnalyzeBlueButton.png in Resources */ = {isa = PBXBuildFile; fileRef = 932447A51D499D38003C0F54 /* AnalyzeBlueButton.png */; };
		932447BC1D499D38003C0F54 /* BlueOutline-Button.png in Resources */ = {isa = PBXBuildFile; fileRef = 932447A61D499D38003C0F54 /* BlueOutline-Button.png */; };
		932447BD1D499D38003C0F54 /* BlueProfileCircle.png in Resources */ = {isa = PBXBuildFile; fileRef = 932447A71D499D38003C0F54 /* BlueProfileCircle.png */; };
		932447BE1D499D38003C0F54 /* CalibrateBlueButton.png in Resources */ = {isa = PBXBuildFile; fileRef = 932447A81D499D38003C0F54 /* CalibrateBlueButton.png */; };
		932447BF1D499D38003C0F54 /* CyanProfileCircle.png in Resources */ = {isa = PBXBuildFile; fileRef = 932447A91D499D38003C0F54 /* CyanProfileCircle.png */; };
		932447C01D499D38003C0F54 /* FilterBlurred.png in Resources */ = {isa = PBXBuildFile; fileRef = 932447AA1D499D38003C0F54 /* FilterBlurred.png */; };
		932447C11D499D38003C0F54 /* FiltersShownGray.png in Resources */ = {isa = PBXBuildFile; fileRef = 932447AB1D499D38003C0F54 /* FiltersShownGray.png */; };
		932447C21D499D38003C0F54 /* FilterYellowButton.png in Resources */ = {isa = PBXBuildFile; fileRef = 932447AC1D499D38003C0F54 /* FilterYellowButton.png */; };
		932447C31D499D38003C0F54 /* GreenCheckmark.png in Resources */ = {isa = PBXBuildFile; fileRef = 932447AD1D499D38003C0F54 /* GreenCheckmark.png */; };
		932447C41D499D38003C0F54 /* GreenProfileCircle.png in Resources */ = {isa = PBXBuildFile; fileRef = 932447AE1D499D38003C0F54 /* GreenProfileCircle.png */; };
		932447C51D499D38003C0F54 /* InOutDoorDeselect.png in Resources */ = {isa = PBXBuildFile; fileRef = 932447AF1D499D38003C0F54 /* InOutDoorDeselect.png */; };
		932447C61D499D38003C0F54 /* InOutDoorSelect.png in Resources */ = {isa = PBXBuildFile; fileRef = 932447B01D499D38003C0F54 /* InOutDoorSelect.png */; };
		932447C71D499D38003C0F54 /* NumFiltersSelect.png in Resources */ = {isa = PBXBuildFile; fileRef = 932447B11D499D38003C0F54 /* NumFiltersSelect.png */; };
		932447C81D499D38003C0F54 /* PersonalScansGreenButton.png in Resources */ = {isa = PBXBuildFile; fileRef = 932447B21D499D38003C0F54 /* PersonalScansGreenButton.png */; };
		932447C91D499D38003C0F54 /* PinkButton.png in Resources */ = {isa = PBXBuildFile; fileRef = 932447B31D499D38003C0F54 /* PinkButton.png */; };
		932447CA1D499D38003C0F54 /* PinkProfileCircle.png in Resources */ = {isa = PBXBuildFile; fileRef = 932447B41D499D38003C0F54 /* PinkProfileCircle.png */; };
		932447CB1D499D38003C0F54 /* ResultsGreenButton.png in Resources */ = {isa = PBXBuildFile; fileRef = 932447B51D499D38003C0F54 /* ResultsGreenButton.png */; };
		932447CC1D499D38003C0F54 /* StartScanPinkButton.png in Resources */ = {isa = PBXBuildFile; fileRef = 932447B61D499D38003C0F54 /* StartScanPinkButton.png */; };
		932447CD1D499D38003C0F54 /* StopScanningRedButton.png in Resources */ = {isa = PBXBuildFile; fileRef = 932447B71D499D38003C0F54 /* StopScanningRedButton.png */; };
		932447CE1D499D38003C0F54 /* TableItemBackground.png in Resources */ = {isa = PBXBuildFile; fileRef = 932447B81D499D38003C0F54 /* TableItemBackground.png */; };
		932447CF1D499D38003C0F54 /* TableItemDeselect.png in Resources */ = {isa = PBXBuildFile; fileRef = 932447B91D499D38003C0F54 /* TableItemDeselect.png */; };
		932447D01D499D38003C0F54 /* YellowProfileCircle.png in Resources */ = {isa = PBXBuildFile; fileRef = 932447BA1D499D38003C0F54 /* YellowProfileCircle.png */; };
		932447DA1D499D5B003C0F54 /* Montserrat-Black.otf in Resources */ = {isa = PBXBuildFile; fileRef = 932447D21D499D5B003C0F54 /* Montserrat-Black.otf */; };
		932447DB1D499D5B003C0F54 /* Montserrat-Bold.otf in Resources */ = {isa = PBXBuildFile; fileRef = 932447D31D499D5B003C0F54 /* Montserrat-Bold.otf */; };
		932447DC1D499D5B003C0F54 /* Montserrat-ExtraBold.otf in Resources */ = {isa = PBXBuildFile; fileRef = 932447D41D499D5B003C0F54 /* Montserrat-ExtraBold.otf */; };
		932447DD1D499D5B003C0F54 /* Montserrat-Hairline.otf in Resources */ = {isa = PBXBuildFile; fileRef = 932447D51D499D5B003C0F54 /* Montserrat-Hairline.otf */; };
		932447DE1D499D5B003C0F54 /* Montserrat-Light.otf in Resources */ = {isa = PBXBuildFile; fileRef = 932447D61D499D5B003C0F54 /* Montserrat-Light.otf */; };
		932447DF1D499D5B003C0F54 /* Montserrat-Regular.otf in Resources */ = {isa = PBXBuildFile; fileRef = 932447D71D499D5B003C0F54 /* Montserrat-Regular.otf */; };
		932447E01D499D5B003C0F54 /* Montserrat-SemiBold.otf in Resources */ = {isa = PBXBuildFile; fileRef = 932447D81D499D5B003C0F54 /* Montserrat-SemiBold.otf */; };
		932447E11D499D5B003C0F54 /* Montserrat-UltraLight.otf in Resources */ = {isa = PBXBuildFile; fileRef = 932447D91D499D5B003C0F54 /* Montserrat-UltraLight.otf */; };
		938E58C61D457D0D004C580F /* AppDelegate.swift in Sources */ = {isa = PBXBuildFile; fileRef = 938E58C51D457D0D004C580F /* AppDelegate.swift */; };
		938E58C81D457D0D004C580F /* ViewController.swift in Sources */ = {isa = PBXBuildFile; fileRef = 938E58C71D457D0D004C580F /* ViewController.swift */; };
		938E58CB1D457D0D004C580F /* Main.storyboard in Resources */ = {isa = PBXBuildFile; fileRef = 938E58C91D457D0D004C580F /* Main.storyboard */; };
		938E58CD1D457D0D004C580F /* Assets.xcassets in Resources */ = {isa = PBXBuildFile; fileRef = 938E58CC1D457D0D004C580F /* Assets.xcassets */; };
		938E58D01D457D0D004C580F /* LaunchScreen.storyboard in Resources */ = {isa = PBXBuildFile; fileRef = 938E58CE1D457D0D004C580F /* LaunchScreen.storyboard */; };
		938E58DB1D457D0D004C580F /* AeroSpecTests.swift in Sources */ = {isa = PBXBuildFile; fileRef = 938E58DA1D457D0D004C580F /* AeroSpecTests.swift */; };
		93A019A81D5D4DE00053FA58 /* Timer.swift in Sources */ = {isa = PBXBuildFile; fileRef = 93A019A71D5D4DE00053FA58 /* Timer.swift */; };
		93E6777E1D57DE4900B231FE /* AnalyzeViewController.swift in Sources */ = {isa = PBXBuildFile; fileRef = 93E6777D1D57DE4900B231FE /* AnalyzeViewController.swift */; };
/* End PBXBuildFile section */

/* Begin PBXContainerItemProxy section */
		938E58D71D457D0D004C580F /* PBXContainerItemProxy */ = {
			isa = PBXContainerItemProxy;
			containerPortal = 938E58BA1D457D0D004C580F /* Project object */;
			proxyType = 1;
			remoteGlobalIDString = 938E58C11D457D0D004C580F;
			remoteInfo = AeroSpec;
		};
/* End PBXContainerItemProxy section */

/* Begin PBXFileReference section */
		69B067821D4BCF3F0023FCFB /* Logo.png */ = {isa = PBXFileReference; lastKnownFileType = image.png; name = Logo.png; path = Graphics/Logo.png; sourceTree = "<group>"; };
		69B067831D4BCF3F0023FCFB /* StartScanButton.png */ = {isa = PBXFileReference; lastKnownFileType = image.png; name = StartScanButton.png; path = Graphics/StartScanButton.png; sourceTree = "<group>"; };
		69B067861D4BE4B90023FCFB /* SelectScanTypeViewController.swift */ = {isa = PBXFileReference; fileEncoding = 4; lastKnownFileType = sourcecode.swift; path = SelectScanTypeViewController.swift; sourceTree = "<group>"; };
		69B067881D4BE94B0023FCFB /* BuyFilterPageViewController.swift */ = {isa = PBXFileReference; fileEncoding = 4; lastKnownFileType = sourcecode.swift; path = BuyFilterPageViewController.swift; sourceTree = "<group>"; };
		69CA45071D52690B0095402A /* PreviousScanViewController.swift */ = {isa = PBXFileReference; fileEncoding = 4; lastKnownFileType = sourcecode.swift; path = PreviousScanViewController.swift; sourceTree = "<group>"; };
		932447A51D499D38003C0F54 /* AnalyzeBlueButton.png */ = {isa = PBXFileReference; lastKnownFileType = image.png; name = AnalyzeBlueButton.png; path = Graphics/AnalyzeBlueButton.png; sourceTree = "<group>"; };
		932447A61D499D38003C0F54 /* BlueOutline-Button.png */ = {isa = PBXFileReference; lastKnownFileType = image.png; name = "BlueOutline-Button.png"; path = "Graphics/BlueOutline-Button.png"; sourceTree = "<group>"; };
		932447A71D499D38003C0F54 /* BlueProfileCircle.png */ = {isa = PBXFileReference; lastKnownFileType = image.png; name = BlueProfileCircle.png; path = Graphics/BlueProfileCircle.png; sourceTree = "<group>"; };
		932447A81D499D38003C0F54 /* CalibrateBlueButton.png */ = {isa = PBXFileReference; lastKnownFileType = image.png; name = CalibrateBlueButton.png; path = Graphics/CalibrateBlueButton.png; sourceTree = "<group>"; };
		932447A91D499D38003C0F54 /* CyanProfileCircle.png */ = {isa = PBXFileReference; lastKnownFileType = image.png; name = CyanProfileCircle.png; path = Graphics/CyanProfileCircle.png; sourceTree = "<group>"; };
		932447AA1D499D38003C0F54 /* FilterBlurred.png */ = {isa = PBXFileReference; lastKnownFileType = image.png; name = FilterBlurred.png; path = Graphics/FilterBlurred.png; sourceTree = "<group>"; };
		932447AB1D499D38003C0F54 /* FiltersShownGray.png */ = {isa = PBXFileReference; lastKnownFileType = image.png; name = FiltersShownGray.png; path = Graphics/FiltersShownGray.png; sourceTree = "<group>"; };
		932447AC1D499D38003C0F54 /* FilterYellowButton.png */ = {isa = PBXFileReference; lastKnownFileType = image.png; name = FilterYellowButton.png; path = Graphics/FilterYellowButton.png; sourceTree = "<group>"; };
		932447AD1D499D38003C0F54 /* GreenCheckmark.png */ = {isa = PBXFileReference; lastKnownFileType = image.png; name = GreenCheckmark.png; path = Graphics/GreenCheckmark.png; sourceTree = "<group>"; };
		932447AE1D499D38003C0F54 /* GreenProfileCircle.png */ = {isa = PBXFileReference; lastKnownFileType = image.png; name = GreenProfileCircle.png; path = Graphics/GreenProfileCircle.png; sourceTree = "<group>"; };
		932447AF1D499D38003C0F54 /* InOutDoorDeselect.png */ = {isa = PBXFileReference; lastKnownFileType = image.png; name = InOutDoorDeselect.png; path = Graphics/InOutDoorDeselect.png; sourceTree = "<group>"; };
		932447B01D499D38003C0F54 /* InOutDoorSelect.png */ = {isa = PBXFileReference; lastKnownFileType = image.png; name = InOutDoorSelect.png; path = Graphics/InOutDoorSelect.png; sourceTree = "<group>"; };
		932447B11D499D38003C0F54 /* NumFiltersSelect.png */ = {isa = PBXFileReference; lastKnownFileType = image.png; name = NumFiltersSelect.png; path = Graphics/NumFiltersSelect.png; sourceTree = "<group>"; };
		932447B21D499D38003C0F54 /* PersonalScansGreenButton.png */ = {isa = PBXFileReference; lastKnownFileType = image.png; name = PersonalScansGreenButton.png; path = Graphics/PersonalScansGreenButton.png; sourceTree = "<group>"; };
		932447B31D499D38003C0F54 /* PinkButton.png */ = {isa = PBXFileReference; lastKnownFileType = image.png; name = PinkButton.png; path = Graphics/PinkButton.png; sourceTree = "<group>"; };
		932447B41D499D38003C0F54 /* PinkProfileCircle.png */ = {isa = PBXFileReference; lastKnownFileType = image.png; name = PinkProfileCircle.png; path = Graphics/PinkProfileCircle.png; sourceTree = "<group>"; };
		932447B51D499D38003C0F54 /* ResultsGreenButton.png */ = {isa = PBXFileReference; lastKnownFileType = image.png; name = ResultsGreenButton.png; path = Graphics/ResultsGreenButton.png; sourceTree = "<group>"; };
		932447B61D499D38003C0F54 /* StartScanPinkButton.png */ = {isa = PBXFileReference; lastKnownFileType = image.png; name = StartScanPinkButton.png; path = Graphics/StartScanPinkButton.png; sourceTree = "<group>"; };
		932447B71D499D38003C0F54 /* StopScanningRedButton.png */ = {isa = PBXFileReference; lastKnownFileType = image.png; name = StopScanningRedButton.png; path = Graphics/StopScanningRedButton.png; sourceTree = "<group>"; };
		932447B81D499D38003C0F54 /* TableItemBackground.png */ = {isa = PBXFileReference; lastKnownFileType = image.png; name = TableItemBackground.png; path = Graphics/TableItemBackground.png; sourceTree = "<group>"; };
		932447B91D499D38003C0F54 /* TableItemDeselect.png */ = {isa = PBXFileReference; lastKnownFileType = image.png; name = TableItemDeselect.png; path = Graphics/TableItemDeselect.png; sourceTree = "<group>"; };
		932447BA1D499D38003C0F54 /* YellowProfileCircle.png */ = {isa = PBXFileReference; lastKnownFileType = image.png; name = YellowProfileCircle.png; path = Graphics/YellowProfileCircle.png; sourceTree = "<group>"; };
		932447D21D499D5B003C0F54 /* Montserrat-Black.otf */ = {isa = PBXFileReference; lastKnownFileType = file; name = "Montserrat-Black.otf"; path = "Fonts/Montserrat-Black.otf"; sourceTree = "<group>"; };
		932447D31D499D5B003C0F54 /* Montserrat-Bold.otf */ = {isa = PBXFileReference; lastKnownFileType = file; name = "Montserrat-Bold.otf"; path = "Fonts/Montserrat-Bold.otf"; sourceTree = "<group>"; };
		932447D41D499D5B003C0F54 /* Montserrat-ExtraBold.otf */ = {isa = PBXFileReference; lastKnownFileType = file; name = "Montserrat-ExtraBold.otf"; path = "Fonts/Montserrat-ExtraBold.otf"; sourceTree = "<group>"; };
		932447D51D499D5B003C0F54 /* Montserrat-Hairline.otf */ = {isa = PBXFileReference; lastKnownFileType = file; name = "Montserrat-Hairline.otf"; path = "Fonts/Montserrat-Hairline.otf"; sourceTree = "<group>"; };
		932447D61D499D5B003C0F54 /* Montserrat-Light.otf */ = {isa = PBXFileReference; lastKnownFileType = file; name = "Montserrat-Light.otf"; path = "Fonts/Montserrat-Light.otf"; sourceTree = "<group>"; };
		932447D71D499D5B003C0F54 /* Montserrat-Regular.otf */ = {isa = PBXFileReference; lastKnownFileType = file; name = "Montserrat-Regular.otf"; path = "Fonts/Montserrat-Regular.otf"; sourceTree = "<group>"; };
		932447D81D499D5B003C0F54 /* Montserrat-SemiBold.otf */ = {isa = PBXFileReference; lastKnownFileType = file; name = "Montserrat-SemiBold.otf"; path = "Fonts/Montserrat-SemiBold.otf"; sourceTree = "<group>"; };
		932447D91D499D5B003C0F54 /* Montserrat-UltraLight.otf */ = {isa = PBXFileReference; lastKnownFileType = file; name = "Montserrat-UltraLight.otf"; path = "Fonts/Montserrat-UltraLight.otf"; sourceTree = "<group>"; };
		938E58C21D457D0D004C580F /* AeroSpec.app */ = {isa = PBXFileReference; explicitFileType = wrapper.application; includeInIndex = 0; path = AeroSpec.app; sourceTree = BUILT_PRODUCTS_DIR; };
		938E58C51D457D0D004C580F /* AppDelegate.swift */ = {isa = PBXFileReference; lastKnownFileType = sourcecode.swift; path = AppDelegate.swift; sourceTree = "<group>"; };
		938E58C71D457D0D004C580F /* ViewController.swift */ = {isa = PBXFileReference; lastKnownFileType = sourcecode.swift; path = ViewController.swift; sourceTree = "<group>"; };
		938E58CA1D457D0D004C580F /* Base */ = {isa = PBXFileReference; lastKnownFileType = file.storyboard; name = Base; path = Base.lproj/Main.storyboard; sourceTree = "<group>"; };
		938E58CC1D457D0D004C580F /* Assets.xcassets */ = {isa = PBXFileReference; lastKnownFileType = folder.assetcatalog; path = Assets.xcassets; sourceTree = "<group>"; };
		938E58CF1D457D0D004C580F /* Base */ = {isa = PBXFileReference; lastKnownFileType = file.storyboard; name = Base; path = Base.lproj/LaunchScreen.storyboard; sourceTree = "<group>"; };
		938E58D11D457D0D004C580F /* Info.plist */ = {isa = PBXFileReference; lastKnownFileType = text.plist.xml; path = Info.plist; sourceTree = "<group>"; };
		938E58D61D457D0D004C580F /* AeroSpecTests.xctest */ = {isa = PBXFileReference; explicitFileType = wrapper.cfbundle; includeInIndex = 0; path = AeroSpecTests.xctest; sourceTree = BUILT_PRODUCTS_DIR; };
		938E58DA1D457D0D004C580F /* AeroSpecTests.swift */ = {isa = PBXFileReference; lastKnownFileType = sourcecode.swift; path = AeroSpecTests.swift; sourceTree = "<group>"; };
		938E58DC1D457D0D004C580F /* Info.plist */ = {isa = PBXFileReference; lastKnownFileType = text.plist.xml; path = Info.plist; sourceTree = "<group>"; };
		93A019A71D5D4DE00053FA58 /* Timer.swift */ = {isa = PBXFileReference; fileEncoding = 4; lastKnownFileType = sourcecode.swift; name = Timer.swift; path = AeroSpec/Timer.swift; sourceTree = "<group>"; };
		93E6777D1D57DE4900B231FE /* AnalyzeViewController.swift */ = {isa = PBXFileReference; fileEncoding = 4; lastKnownFileType = sourcecode.swift; path = AnalyzeViewController.swift; sourceTree = "<group>"; };
/* End PBXFileReference section */

/* Begin PBXFrameworksBuildPhase section */
		938E58BF1D457D0D004C580F /* Frameworks */ = {
			isa = PBXFrameworksBuildPhase;
			buildActionMask = 2147483647;
			files = (
			);
			runOnlyForDeploymentPostprocessing = 0;
		};
		938E58D31D457D0D004C580F /* Frameworks */ = {
			isa = PBXFrameworksBuildPhase;
			buildActionMask = 2147483647;
			files = (
			);
			runOnlyForDeploymentPostprocessing = 0;
		};
/* End PBXFrameworksBuildPhase section */

/* Begin PBXGroup section */
		932447A41D499D23003C0F54 /* Graphics */ = {
			isa = PBXGroup;
			children = (
				69B067821D4BCF3F0023FCFB /* Logo.png */,
				69B067831D4BCF3F0023FCFB /* StartScanButton.png */,
				932447A51D499D38003C0F54 /* AnalyzeBlueButton.png */,
				932447A61D499D38003C0F54 /* BlueOutline-Button.png */,
				932447A71D499D38003C0F54 /* BlueProfileCircle.png */,
				932447A81D499D38003C0F54 /* CalibrateBlueButton.png */,
				932447A91D499D38003C0F54 /* CyanProfileCircle.png */,
				932447AA1D499D38003C0F54 /* FilterBlurred.png */,
				932447AB1D499D38003C0F54 /* FiltersShownGray.png */,
				932447AC1D499D38003C0F54 /* FilterYellowButton.png */,
				932447AD1D499D38003C0F54 /* GreenCheckmark.png */,
				932447AE1D499D38003C0F54 /* GreenProfileCircle.png */,
				932447AF1D499D38003C0F54 /* InOutDoorDeselect.png */,
				932447B01D499D38003C0F54 /* InOutDoorSelect.png */,
				932447B11D499D38003C0F54 /* NumFiltersSelect.png */,
				932447B21D499D38003C0F54 /* PersonalScansGreenButton.png */,
				932447B31D499D38003C0F54 /* PinkButton.png */,
				932447B41D499D38003C0F54 /* PinkProfileCircle.png */,
				932447B51D499D38003C0F54 /* ResultsGreenButton.png */,
				932447B61D499D38003C0F54 /* StartScanPinkButton.png */,
				932447B71D499D38003C0F54 /* StopScanningRedButton.png */,
				932447B81D499D38003C0F54 /* TableItemBackground.png */,
				932447B91D499D38003C0F54 /* TableItemDeselect.png */,
				932447BA1D499D38003C0F54 /* YellowProfileCircle.png */,
			);
			name = Graphics;
			sourceTree = "<group>";
		};
		932447D11D499D4B003C0F54 /* Fonts */ = {
			isa = PBXGroup;
			children = (
				932447D21D499D5B003C0F54 /* Montserrat-Black.otf */,
				932447D31D499D5B003C0F54 /* Montserrat-Bold.otf */,
				932447D41D499D5B003C0F54 /* Montserrat-ExtraBold.otf */,
				932447D51D499D5B003C0F54 /* Montserrat-Hairline.otf */,
				932447D61D499D5B003C0F54 /* Montserrat-Light.otf */,
				932447D71D499D5B003C0F54 /* Montserrat-Regular.otf */,
				932447D81D499D5B003C0F54 /* Montserrat-SemiBold.otf */,
				932447D91D499D5B003C0F54 /* Montserrat-UltraLight.otf */,
			);
			name = Fonts;
			sourceTree = "<group>";
		};
		938E58B91D457D0D004C580F = {
			isa = PBXGroup;
			children = (
				93A019A71D5D4DE00053FA58 /* Timer.swift */,
				938E58C41D457D0D004C580F /* AeroSpec */,
				938E58D91D457D0D004C580F /* AeroSpecTests */,
				938E58C31D457D0D004C580F /* Products */,
			);
			sourceTree = "<group>";
		};
		938E58C31D457D0D004C580F /* Products */ = {
			isa = PBXGroup;
			children = (
				938E58C21D457D0D004C580F /* AeroSpec.app */,
				938E58D61D457D0D004C580F /* AeroSpecTests.xctest */,
			);
			name = Products;
			sourceTree = "<group>";
		};
		938E58C41D457D0D004C580F /* AeroSpec */ = {
			isa = PBXGroup;
			children = (
				932447D11D499D4B003C0F54 /* Fonts */,
				932447A41D499D23003C0F54 /* Graphics */,
				938E58C51D457D0D004C580F /* AppDelegate.swift */,
				938E58C71D457D0D004C580F /* ViewController.swift */,
				938E58C91D457D0D004C580F /* Main.storyboard */,
				93E6777D1D57DE4900B231FE /* AnalyzeViewController.swift */,
				69CA45071D52690B0095402A /* PreviousScanViewController.swift */,
				69B067881D4BE94B0023FCFB /* BuyFilterPageViewController.swift */,
				69B067861D4BE4B90023FCFB /* SelectScanTypeViewController.swift */,
				938E58CC1D457D0D004C580F /* Assets.xcassets */,
				938E58CE1D457D0D004C580F /* LaunchScreen.storyboard */,
				938E58D11D457D0D004C580F /* Info.plist */,
			);
			path = AeroSpec;
			sourceTree = "<group>";
		};
		938E58D91D457D0D004C580F /* AeroSpecTests */ = {
			isa = PBXGroup;
			children = (
				938E58DA1D457D0D004C580F /* AeroSpecTests.swift */,
				938E58DC1D457D0D004C580F /* Info.plist */,
			);
			path = AeroSpecTests;
			sourceTree = "<group>";
		};
/* End PBXGroup section */

/* Begin PBXNativeTarget section */
		938E58C11D457D0D004C580F /* AeroSpec */ = {
			isa = PBXNativeTarget;
			buildConfigurationList = 938E58DF1D457D0D004C580F /* Build configuration list for PBXNativeTarget "AeroSpec" */;
			buildPhases = (
				938E58BE1D457D0D004C580F /* Sources */,
				938E58BF1D457D0D004C580F /* Frameworks */,
				938E58C01D457D0D004C580F /* Resources */,
			);
			buildRules = (
			);
			dependencies = (
			);
			name = AeroSpec;
			productName = AeroSpec;
			productReference = 938E58C21D457D0D004C580F /* AeroSpec.app */;
			productType = "com.apple.product-type.application";
		};
		938E58D51D457D0D004C580F /* AeroSpecTests */ = {
			isa = PBXNativeTarget;
			buildConfigurationList = 938E58E21D457D0D004C580F /* Build configuration list for PBXNativeTarget "AeroSpecTests" */;
			buildPhases = (
				938E58D21D457D0D004C580F /* Sources */,
				938E58D31D457D0D004C580F /* Frameworks */,
				938E58D41D457D0D004C580F /* Resources */,
			);
			buildRules = (
			);
			dependencies = (
				938E58D81D457D0D004C580F /* PBXTargetDependency */,
			);
			name = AeroSpecTests;
			productName = AeroSpecTests;
			productReference = 938E58D61D457D0D004C580F /* AeroSpecTests.xctest */;
			productType = "com.apple.product-type.bundle.unit-test";
		};
/* End PBXNativeTarget section */

/* Begin PBXProject section */
		938E58BA1D457D0D004C580F /* Project object */ = {
			isa = PBXProject;
			attributes = {
				LastSwiftUpdateCheck = 0730;
				LastUpgradeCheck = 0730;
				ORGANIZATIONNAME = nrg;
				TargetAttributes = {
					938E58C11D457D0D004C580F = {
						CreatedOnToolsVersion = 7.3.1;
						DevelopmentTeam = KMD9H6XRAT;
					};
					938E58D51D457D0D004C580F = {
						CreatedOnToolsVersion = 7.3.1;
						TestTargetID = 938E58C11D457D0D004C580F;
					};
				};
			};
			buildConfigurationList = 938E58BD1D457D0D004C580F /* Build configuration list for PBXProject "AeroSpec" */;
			compatibilityVersion = "Xcode 3.2";
			developmentRegion = English;
			hasScannedForEncodings = 0;
			knownRegions = (
				en,
				Base,
			);
			mainGroup = 938E58B91D457D0D004C580F;
			productRefGroup = 938E58C31D457D0D004C580F /* Products */;
			projectDirPath = "";
			projectRoot = "";
			targets = (
				938E58C11D457D0D004C580F /* AeroSpec */,
				938E58D51D457D0D004C580F /* AeroSpecTests */,
			);
		};
/* End PBXProject section */

/* Begin PBXResourcesBuildPhase section */
		938E58C01D457D0D004C580F /* Resources */ = {
			isa = PBXResourcesBuildPhase;
			buildActionMask = 2147483647;
			files = (
				932447CE1D499D38003C0F54 /* TableItemBackground.png in Resources */,
				69B067841D4BCF3F0023FCFB /* Logo.png in Resources */,
				69B067851D4BCF3F0023FCFB /* StartScanButton.png in Resources */,
				932447C71D499D38003C0F54 /* NumFiltersSelect.png in Resources */,
				932447C01D499D38003C0F54 /* FilterBlurred.png in Resources */,
				932447BB1D499D38003C0F54 /* AnalyzeBlueButton.png in Resources */,
				932447BF1D499D38003C0F54 /* CyanProfileCircle.png in Resources */,
				932447C51D499D38003C0F54 /* InOutDoorDeselect.png in Resources */,
				938E58D01D457D0D004C580F /* LaunchScreen.storyboard in Resources */,
				932447D01D499D38003C0F54 /* YellowProfileCircle.png in Resources */,
				932447BD1D499D38003C0F54 /* BlueProfileCircle.png in Resources */,
				932447C61D499D38003C0F54 /* InOutDoorSelect.png in Resources */,
				932447C41D499D38003C0F54 /* GreenProfileCircle.png in Resources */,
				932447E11D499D5B003C0F54 /* Montserrat-UltraLight.otf in Resources */,
				932447C11D499D38003C0F54 /* FiltersShownGray.png in Resources */,
				932447BE1D499D38003C0F54 /* CalibrateBlueButton.png in Resources */,
				932447C81D499D38003C0F54 /* PersonalScansGreenButton.png in Resources */,
				932447BC1D499D38003C0F54 /* BlueOutline-Button.png in Resources */,
				932447C21D499D38003C0F54 /* FilterYellowButton.png in Resources */,
				932447C31D499D38003C0F54 /* GreenCheckmark.png in Resources */,
				932447E01D499D5B003C0F54 /* Montserrat-SemiBold.otf in Resources */,
				932447DD1D499D5B003C0F54 /* Montserrat-Hairline.otf in Resources */,
				932447CA1D499D38003C0F54 /* PinkProfileCircle.png in Resources */,
				932447CD1D499D38003C0F54 /* StopScanningRedButton.png in Resources */,
				932447CF1D499D38003C0F54 /* TableItemDeselect.png in Resources */,
				938E58CD1D457D0D004C580F /* Assets.xcassets in Resources */,
				932447DA1D499D5B003C0F54 /* Montserrat-Black.otf in Resources */,
				932447DE1D499D5B003C0F54 /* Montserrat-Light.otf in Resources */,
				932447DB1D499D5B003C0F54 /* Montserrat-Bold.otf in Resources */,
				932447DC1D499D5B003C0F54 /* Montserrat-ExtraBold.otf in Resources */,
				932447DF1D499D5B003C0F54 /* Montserrat-Regular.otf in Resources */,
				938E58CB1D457D0D004C580F /* Main.storyboard in Resources */,
				932447CB1D499D38003C0F54 /* ResultsGreenButton.png in Resources */,
				932447C91D499D38003C0F54 /* PinkButton.png in Resources */,
				932447CC1D499D38003C0F54 /* StartScanPinkButton.png in Resources */,
			);
			runOnlyForDeploymentPostprocessing = 0;
		};
		938E58D41D457D0D004C580F /* Resources */ = {
			isa = PBXResourcesBuildPhase;
			buildActionMask = 2147483647;
			files = (
			);
			runOnlyForDeploymentPostprocessing = 0;
		};
/* End PBXResourcesBuildPhase section */

/* Begin PBXSourcesBuildPhase section */
		938E58BE1D457D0D004C580F /* Sources */ = {
			isa = PBXSourcesBuildPhase;
			buildActionMask = 2147483647;
			files = (
				938E58C81D457D0D004C580F /* ViewController.swift in Sources */,
				69B067871D4BE4B90023FCFB /* SelectScanTypeViewController.swift in Sources */,
				93A019A81D5D4DE00053FA58 /* Timer.swift in Sources */,
				69B067891D4BE94B0023FCFB /* BuyFilterPageViewController.swift in Sources */,
				69CA45081D52690B0095402A /* PreviousScanViewController.swift in Sources */,
				938E58C61D457D0D004C580F /* AppDelegate.swift in Sources */,
				93E6777E1D57DE4900B231FE /* AnalyzeViewController.swift in Sources */,
			);
			runOnlyForDeploymentPostprocessing = 0;
		};
		938E58D21D457D0D004C580F /* Sources */ = {
			isa = PBXSourcesBuildPhase;
			buildActionMask = 2147483647;
			files = (
				938E58DB1D457D0D004C580F /* AeroSpecTests.swift in Sources */,
			);
			runOnlyForDeploymentPostprocessing = 0;
		};
/* End PBXSourcesBuildPhase section */

/* Begin PBXTargetDependency section */
		938E58D81D457D0D004C580F /* PBXTargetDependency */ = {
			isa = PBXTargetDependency;
			target = 938E58C11D457D0D004C580F /* AeroSpec */;
			targetProxy = 938E58D71D457D0D004C580F /* PBXContainerItemProxy */;
		};
/* End PBXTargetDependency section */

/* Begin PBXVariantGroup section */
		938E58C91D457D0D004C580F /* Main.storyboard */ = {
			isa = PBXVariantGroup;
			children = (
				938E58CA1D457D0D004C580F /* Base */,
			);
			name = Main.storyboard;
			sourceTree = "<group>";
		};
		938E58CE1D457D0D004C580F /* LaunchScreen.storyboard */ = {
			isa = PBXVariantGroup;
			children = (
				938E58CF1D457D0D004C580F /* Base */,
			);
			name = LaunchScreen.storyboard;
			sourceTree = "<group>";
		};
/* End PBXVariantGroup section */

/* Begin XCBuildConfiguration section */
		938E58DD1D457D0D004C580F /* Debug */ = {
			isa = XCBuildConfiguration;
			buildSettings = {
				ALWAYS_SEARCH_USER_PATHS = NO;
				CLANG_ANALYZER_NONNULL = YES;
				CLANG_CXX_LANGUAGE_STANDARD = "gnu++0x";
				CLANG_CXX_LIBRARY = "libc++";
				CLANG_ENABLE_MODULES = YES;
				CLANG_ENABLE_OBJC_ARC = YES;
				CLANG_WARN_BOOL_CONVERSION = YES;
				CLANG_WARN_CONSTANT_CONVERSION = YES;
				CLANG_WARN_DIRECT_OBJC_ISA_USAGE = YES_ERROR;
				CLANG_WARN_EMPTY_BODY = YES;
				CLANG_WARN_ENUM_CONVERSION = YES;
				CLANG_WARN_INT_CONVERSION = YES;
				CLANG_WARN_OBJC_ROOT_CLASS = YES_ERROR;
				CLANG_WARN_UNREACHABLE_CODE = YES;
				CLANG_WARN__DUPLICATE_METHOD_MATCH = YES;
				"CODE_SIGN_IDENTITY[sdk=iphoneos*]" = "iPhone Developer";
				COPY_PHASE_STRIP = NO;
				DEBUG_INFORMATION_FORMAT = dwarf;
				ENABLE_STRICT_OBJC_MSGSEND = YES;
				ENABLE_TESTABILITY = YES;
				GCC_C_LANGUAGE_STANDARD = gnu99;
				GCC_DYNAMIC_NO_PIC = NO;
				GCC_NO_COMMON_BLOCKS = YES;
				GCC_OPTIMIZATION_LEVEL = 0;
				GCC_PREPROCESSOR_DEFINITIONS = (
					"DEBUG=1",
					"$(inherited)",
				);
				GCC_WARN_64_TO_32_BIT_CONVERSION = YES;
				GCC_WARN_ABOUT_RETURN_TYPE = YES_ERROR;
				GCC_WARN_UNDECLARED_SELECTOR = YES;
				GCC_WARN_UNINITIALIZED_AUTOS = YES_AGGRESSIVE;
				GCC_WARN_UNUSED_FUNCTION = YES;
				GCC_WARN_UNUSED_VARIABLE = YES;
				IPHONEOS_DEPLOYMENT_TARGET = 9.3;
				MTL_ENABLE_DEBUG_INFO = YES;
				ONLY_ACTIVE_ARCH = YES;
				SDKROOT = iphoneos;
				SWIFT_OPTIMIZATION_LEVEL = "-Onone";
			};
			name = Debug;
		};
		938E58DE1D457D0D004C580F /* Release */ = {
			isa = XCBuildConfiguration;
			buildSettings = {
				ALWAYS_SEARCH_USER_PATHS = NO;
				CLANG_ANALYZER_NONNULL = YES;
				CLANG_CXX_LANGUAGE_STANDARD = "gnu++0x";
				CLANG_CXX_LIBRARY = "libc++";
				CLANG_ENABLE_MODULES = YES;
				CLANG_ENABLE_OBJC_ARC = YES;
				CLANG_WARN_BOOL_CONVERSION = YES;
				CLANG_WARN_CONSTANT_CONVERSION = YES;
				CLANG_WARN_DIRECT_OBJC_ISA_USAGE = YES_ERROR;
				CLANG_WARN_EMPTY_BODY = YES;
				CLANG_WARN_ENUM_CONVERSION = YES;
				CLANG_WARN_INT_CONVERSION = YES;
				CLANG_WARN_OBJC_ROOT_CLASS = YES_ERROR;
				CLANG_WARN_UNREACHABLE_CODE = YES;
				CLANG_WARN__DUPLICATE_METHOD_MATCH = YES;
				"CODE_SIGN_IDENTITY[sdk=iphoneos*]" = "iPhone Developer";
				COPY_PHASE_STRIP = NO;
				DEBUG_INFORMATION_FORMAT = "dwarf-with-dsym";
				ENABLE_NS_ASSERTIONS = NO;
				ENABLE_STRICT_OBJC_MSGSEND = YES;
				GCC_C_LANGUAGE_STANDARD = gnu99;
				GCC_NO_COMMON_BLOCKS = YES;
				GCC_WARN_64_TO_32_BIT_CONVERSION = YES;
				GCC_WARN_ABOUT_RETURN_TYPE = YES_ERROR;
				GCC_WARN_UNDECLARED_SELECTOR = YES;
				GCC_WARN_UNINITIALIZED_AUTOS = YES_AGGRESSIVE;
				GCC_WARN_UNUSED_FUNCTION = YES;
				GCC_WARN_UNUSED_VARIABLE = YES;
				IPHONEOS_DEPLOYMENT_TARGET = 9.3;
				MTL_ENABLE_DEBUG_INFO = NO;
				SDKROOT = iphoneos;
				VALIDATE_PRODUCT = YES;
			};
			name = Release;
		};
		938E58E01D457D0D004C580F /* Debug */ = {
			isa = XCBuildConfiguration;
			buildSettings = {
				ASSETCATALOG_COMPILER_APPICON_NAME = AppIcon;
				CODE_SIGN_IDENTITY = "iPhone Developer";
				"CODE_SIGN_IDENTITY[sdk=iphoneos*]" = "iPhone Developer";
				INFOPLIST_FILE = AeroSpec/Info.plist;
				IPHONEOS_DEPLOYMENT_TARGET = 9.0;
				LD_RUNPATH_SEARCH_PATHS = "$(inherited) @executable_path/Frameworks";
				PRODUCT_BUNDLE_IDENTIFIER = "com.nrg-lab.AeroSpec";
				PRODUCT_NAME = "$(TARGET_NAME)";
				PROVISIONING_PROFILE = "";
			};
			name = Debug;
		};
		938E58E11D457D0D004C580F /* Release */ = {
			isa = XCBuildConfiguration;
			buildSettings = {
				ASSETCATALOG_COMPILER_APPICON_NAME = AppIcon;
				CODE_SIGN_IDENTITY = "iPhone Developer";
				"CODE_SIGN_IDENTITY[sdk=iphoneos*]" = "iPhone Developer";
				INFOPLIST_FILE = AeroSpec/Info.plist;
				IPHONEOS_DEPLOYMENT_TARGET = 9.0;
				LD_RUNPATH_SEARCH_PATHS = "$(inherited) @executable_path/Frameworks";
				PRODUCT_BUNDLE_IDENTIFIER = "com.nrg-lab.AeroSpec";
				PRODUCT_NAME = "$(TARGET_NAME)";
				PROVISIONING_PROFILE = "";
			};
			name = Release;
		};
		938E58E31D457D0D004C580F /* Debug */ = {
			isa = XCBuildConfiguration;
			buildSettings = {
				BUNDLE_LOADER = "$(TEST_HOST)";
				INFOPLIST_FILE = AeroSpecTests/Info.plist;
				LD_RUNPATH_SEARCH_PATHS = "$(inherited) @executable_path/Frameworks @loader_path/Frameworks";
				PRODUCT_BUNDLE_IDENTIFIER = "nrg-lab.AeroSpecTests";
				PRODUCT_NAME = "$(TARGET_NAME)";
				TEST_HOST = "$(BUILT_PRODUCTS_DIR)/AeroSpec.app/AeroSpec";
			};
			name = Debug;
		};
		938E58E41D457D0D004C580F /* Release */ = {
			isa = XCBuildConfiguration;
			buildSettings = {
				BUNDLE_LOADER = "$(TEST_HOST)";
				INFOPLIST_FILE = AeroSpecTests/Info.plist;
				LD_RUNPATH_SEARCH_PATHS = "$(inherited) @executable_path/Frameworks @loader_path/Frameworks";
				PRODUCT_BUNDLE_IDENTIFIER = "nrg-lab.AeroSpecTests";
				PRODUCT_NAME = "$(TARGET_NAME)";
				TEST_HOST = "$(BUILT_PRODUCTS_DIR)/AeroSpec.app/AeroSpec";
			};
			name = Release;
		};
/* End XCBuildConfiguration section */

/* Begin XCConfigurationList section */
		938E58BD1D457D0D004C580F /* Build configuration list for PBXProject "AeroSpec" */ = {
			isa = XCConfigurationList;
			buildConfigurations = (
				938E58DD1D457D0D004C580F /* Debug */,
				938E58DE1D457D0D004C580F /* Release */,
			);
			defaultConfigurationIsVisible = 0;
			defaultConfigurationName = Release;
		};
		938E58DF1D457D0D004C580F /* Build configuration list for PBXNativeTarget "AeroSpec" */ = {
			isa = XCConfigurationList;
			buildConfigurations = (
				938E58E01D457D0D004C580F /* Debug */,
				938E58E11D457D0D004C580F /* Release */,
			);
			defaultConfigurationIsVisible = 0;
			defaultConfigurationName = Release;
		};
		938E58E21D457D0D004C580F /* Build configuration list for PBXNativeTarget "AeroSpecTests" */ = {
			isa = XCConfigurationList;
			buildConfigurations = (
				938E58E31D457D0D004C580F /* Debug */,
				938E58E41D457D0D004C580F /* Release */,
			);
			defaultConfigurationIsVisible = 0;
			defaultConfigurationName = Release;
		};
/* End XCConfigurationList section */
	};
	rootObject = 938E58BA1D457D0D004C580F /* Project object */;
}
